// !$*UTF8*$!
{
	archiveVersion = 1;
	classes = {
	};
	objectVersion = 56;
	objects = {

/* Begin PBXBuildFile section */
		4A42E0F42C1B6EE90008E1BB /* PassbookApp.swift in Sources */ = {isa = PBXBuildFile; fileRef = 4A42E0F32C1B6EE90008E1BB /* PassbookApp.swift */; };
		4A42E0F62C1B6EE90008E1BB /* ContentView.swift in Sources */ = {isa = PBXBuildFile; fileRef = 4A42E0F52C1B6EE90008E1BB /* ContentView.swift */; };
		4A42E0F82C1B6EEB0008E1BB /* Assets.xcassets in Resources */ = {isa = PBXBuildFile; fileRef = 4A42E0F72C1B6EEB0008E1BB /* Assets.xcassets */; };
		4A42E0FB2C1B6EEB0008E1BB /* Preview Assets.xcassets in Resources */ = {isa = PBXBuildFile; fileRef = 4A42E0FA2C1B6EEB0008E1BB /* Preview Assets.xcassets */; };
		4A42E1052C1B6EEB0008E1BB /* PassbookTests.swift in Sources */ = {isa = PBXBuildFile; fileRef = 4A42E1042C1B6EEB0008E1BB /* PassbookTests.swift */; };
		4A42E10F2C1B6EEB0008E1BB /* PassbookUITests.swift in Sources */ = {isa = PBXBuildFile; fileRef = 4A42E10E2C1B6EEB0008E1BB /* PassbookUITests.swift */; };
		4A42E1112C1B6EEB0008E1BB /* PassbookUITestsLaunchTests.swift in Sources */ = {isa = PBXBuildFile; fileRef = 4A42E1102C1B6EEB0008E1BB /* PassbookUITestsLaunchTests.swift */; };
		4AA238E72C1B906C0000F88D /* Pass.swift in Sources */ = {isa = PBXBuildFile; fileRef = 4AA238E62C1B906C0000F88D /* Pass.swift */; };
		4AA238F22C1FF1FB0000F88D /* LoginView.swift in Sources */ = {isa = PBXBuildFile; fileRef = 4AA238F12C1FF1FB0000F88D /* LoginView.swift */; };
		4AA238F92C209B8E0000F88D /* HomeView.swift in Sources */ = {isa = PBXBuildFile; fileRef = 4AA238F82C209B8E0000F88D /* HomeView.swift */; };
		4AA238FB2C209BA20000F88D /* AddPassView.swift in Sources */ = {isa = PBXBuildFile; fileRef = 4AA238FA2C209BA20000F88D /* AddPassView.swift */; };
		4AA238FD2C209BB40000F88D /* SharePassView.swift in Sources */ = {isa = PBXBuildFile; fileRef = 4AA238FC2C209BB40000F88D /* SharePassView.swift */; };
		4AA238FF2C209BF30000F88D /* PassView.swift in Sources */ = {isa = PBXBuildFile; fileRef = 4AA238FE2C209BF30000F88D /* PassView.swift */; };
		4AA239012C20AAE60000F88D /* PassCollectionView.swift in Sources */ = {isa = PBXBuildFile; fileRef = 4AA239002C20AAE60000F88D /* PassCollectionView.swift */; };
		4AA239082C2389570000F88D /* PassCollectionViewModel.swift in Sources */ = {isa = PBXBuildFile; fileRef = 4AA239072C2389570000F88D /* PassCollectionViewModel.swift */; };
/* End PBXBuildFile section */

/* Begin PBXContainerItemProxy section */
		4A42E1012C1B6EEB0008E1BB /* PBXContainerItemProxy */ = {
			isa = PBXContainerItemProxy;
			containerPortal = 4A42E0E82C1B6EE90008E1BB /* Project object */;
			proxyType = 1;
			remoteGlobalIDString = 4A42E0EF2C1B6EE90008E1BB;
			remoteInfo = Passbook;
		};
		4A42E10B2C1B6EEB0008E1BB /* PBXContainerItemProxy */ = {
			isa = PBXContainerItemProxy;
			containerPortal = 4A42E0E82C1B6EE90008E1BB /* Project object */;
			proxyType = 1;
			remoteGlobalIDString = 4A42E0EF2C1B6EE90008E1BB;
			remoteInfo = Passbook;
		};
/* End PBXContainerItemProxy section */

/* Begin PBXFileReference section */
		4A42E0F02C1B6EE90008E1BB /* Passbook.app */ = {isa = PBXFileReference; explicitFileType = wrapper.application; includeInIndex = 0; path = Passbook.app; sourceTree = BUILT_PRODUCTS_DIR; };
		4A42E0F32C1B6EE90008E1BB /* PassbookApp.swift */ = {isa = PBXFileReference; lastKnownFileType = sourcecode.swift; path = PassbookApp.swift; sourceTree = "<group>"; };
		4A42E0F52C1B6EE90008E1BB /* ContentView.swift */ = {isa = PBXFileReference; lastKnownFileType = sourcecode.swift; path = ContentView.swift; sourceTree = "<group>"; };
		4A42E0F72C1B6EEB0008E1BB /* Assets.xcassets */ = {isa = PBXFileReference; lastKnownFileType = folder.assetcatalog; path = Assets.xcassets; sourceTree = "<group>"; };
		4A42E0FA2C1B6EEB0008E1BB /* Preview Assets.xcassets */ = {isa = PBXFileReference; lastKnownFileType = folder.assetcatalog; path = "Preview Assets.xcassets"; sourceTree = "<group>"; };
		4A42E1002C1B6EEB0008E1BB /* PassbookTests.xctest */ = {isa = PBXFileReference; explicitFileType = wrapper.cfbundle; includeInIndex = 0; path = PassbookTests.xctest; sourceTree = BUILT_PRODUCTS_DIR; };
		4A42E1042C1B6EEB0008E1BB /* PassbookTests.swift */ = {isa = PBXFileReference; lastKnownFileType = sourcecode.swift; path = PassbookTests.swift; sourceTree = "<group>"; };
		4A42E10A2C1B6EEB0008E1BB /* PassbookUITests.xctest */ = {isa = PBXFileReference; explicitFileType = wrapper.cfbundle; includeInIndex = 0; path = PassbookUITests.xctest; sourceTree = BUILT_PRODUCTS_DIR; };
		4A42E10E2C1B6EEB0008E1BB /* PassbookUITests.swift */ = {isa = PBXFileReference; lastKnownFileType = sourcecode.swift; path = PassbookUITests.swift; sourceTree = "<group>"; };
		4A42E1102C1B6EEB0008E1BB /* PassbookUITestsLaunchTests.swift */ = {isa = PBXFileReference; lastKnownFileType = sourcecode.swift; path = PassbookUITestsLaunchTests.swift; sourceTree = "<group>"; };
		4AA238E62C1B906C0000F88D /* Pass.swift */ = {isa = PBXFileReference; lastKnownFileType = sourcecode.swift; path = Pass.swift; sourceTree = "<group>"; };
		4AA238F12C1FF1FB0000F88D /* LoginView.swift */ = {isa = PBXFileReference; lastKnownFileType = sourcecode.swift; path = LoginView.swift; sourceTree = "<group>"; };
		4AA238F82C209B8E0000F88D /* HomeView.swift */ = {isa = PBXFileReference; lastKnownFileType = sourcecode.swift; path = HomeView.swift; sourceTree = "<group>"; };
		4AA238FA2C209BA20000F88D /* AddPassView.swift */ = {isa = PBXFileReference; lastKnownFileType = sourcecode.swift; path = AddPassView.swift; sourceTree = "<group>"; };
		4AA238FC2C209BB40000F88D /* SharePassView.swift */ = {isa = PBXFileReference; lastKnownFileType = sourcecode.swift; path = SharePassView.swift; sourceTree = "<group>"; };
		4AA238FE2C209BF30000F88D /* PassView.swift */ = {isa = PBXFileReference; lastKnownFileType = sourcecode.swift; path = PassView.swift; sourceTree = "<group>"; };
		4AA239002C20AAE60000F88D /* PassCollectionView.swift */ = {isa = PBXFileReference; lastKnownFileType = sourcecode.swift; path = PassCollectionView.swift; sourceTree = "<group>"; };
		4AA239072C2389570000F88D /* PassCollectionViewModel.swift */ = {isa = PBXFileReference; lastKnownFileType = sourcecode.swift; path = PassCollectionViewModel.swift; sourceTree = "<group>"; };
/* End PBXFileReference section */

/* Begin PBXFrameworksBuildPhase section */
		4A42E0ED2C1B6EE90008E1BB /* Frameworks */ = {
			isa = PBXFrameworksBuildPhase;
			buildActionMask = 2147483647;
			files = (
			);
			runOnlyForDeploymentPostprocessing = 0;
		};
		4A42E0FD2C1B6EEB0008E1BB /* Frameworks */ = {
			isa = PBXFrameworksBuildPhase;
			buildActionMask = 2147483647;
			files = (
			);
			runOnlyForDeploymentPostprocessing = 0;
		};
		4A42E1072C1B6EEB0008E1BB /* Frameworks */ = {
			isa = PBXFrameworksBuildPhase;
			buildActionMask = 2147483647;
			files = (
			);
			runOnlyForDeploymentPostprocessing = 0;
		};
/* End PBXFrameworksBuildPhase section */

/* Begin PBXGroup section */
		4A42E0E72C1B6EE90008E1BB = {
			isa = PBXGroup;
			children = (
				4A42E0F22C1B6EE90008E1BB /* Passbook */,
				4A42E1032C1B6EEB0008E1BB /* PassbookTests */,
				4A42E10D2C1B6EEB0008E1BB /* PassbookUITests */,
				4A42E0F12C1B6EE90008E1BB /* Products */,
			);
			sourceTree = "<group>";
		};
		4A42E0F12C1B6EE90008E1BB /* Products */ = {
			isa = PBXGroup;
			children = (
				4A42E0F02C1B6EE90008E1BB /* Passbook.app */,
				4A42E1002C1B6EEB0008E1BB /* PassbookTests.xctest */,
				4A42E10A2C1B6EEB0008E1BB /* PassbookUITests.xctest */,
			);
			name = Products;
			sourceTree = "<group>";
		};
		4A42E0F22C1B6EE90008E1BB /* Passbook */ = {
			isa = PBXGroup;
			children = (
				4AA239022C22261C0000F88D /* Models */,
				4AA238EE2C1FF1CD0000F88D /* Views */,
				4AA238EA2C1FF0FD0000F88D /* ViewModels */,
				4A42E0F32C1B6EE90008E1BB /* PassbookApp.swift */,
				4A42E0F52C1B6EE90008E1BB /* ContentView.swift */,
				4A42E0F72C1B6EEB0008E1BB /* Assets.xcassets */,
				4A42E0F92C1B6EEB0008E1BB /* Preview Content */,
			);
			path = Passbook;
			sourceTree = "<group>";
		};
		4A42E0F92C1B6EEB0008E1BB /* Preview Content */ = {
			isa = PBXGroup;
			children = (
				4A42E0FA2C1B6EEB0008E1BB /* Preview Assets.xcassets */,
			);
			path = "Preview Content";
			sourceTree = "<group>";
		};
		4A42E1032C1B6EEB0008E1BB /* PassbookTests */ = {
			isa = PBXGroup;
			children = (
				4A42E1042C1B6EEB0008E1BB /* PassbookTests.swift */,
			);
			path = PassbookTests;
			sourceTree = "<group>";
		};
		4A42E10D2C1B6EEB0008E1BB /* PassbookUITests */ = {
			isa = PBXGroup;
			children = (
				4A42E10E2C1B6EEB0008E1BB /* PassbookUITests.swift */,
				4A42E1102C1B6EEB0008E1BB /* PassbookUITestsLaunchTests.swift */,
			);
			path = PassbookUITests;
			sourceTree = "<group>";
		};
		4AA238EA2C1FF0FD0000F88D /* ViewModels */ = {
			isa = PBXGroup;
			children = (
				4AA239072C2389570000F88D /* PassCollectionViewModel.swift */,
			);
			path = ViewModels;
			sourceTree = "<group>";
		};
		4AA238EE2C1FF1CD0000F88D /* Views */ = {
			isa = PBXGroup;
			children = (
				4AA238F12C1FF1FB0000F88D /* LoginView.swift */,
				4AA238F82C209B8E0000F88D /* HomeView.swift */,
				4AA238FA2C209BA20000F88D /* AddPassView.swift */,
				4AA238FC2C209BB40000F88D /* SharePassView.swift */,
				4AA238FE2C209BF30000F88D /* PassView.swift */,
				4AA239002C20AAE60000F88D /* PassCollectionView.swift */,
			);
			path = Views;
			sourceTree = "<group>";
		};
		4AA239022C22261C0000F88D /* Models */ = {
			isa = PBXGroup;
			children = (
				4AA238E62C1B906C0000F88D /* Pass.swift */,
			);
			path = Models;
			sourceTree = "<group>";
		};
/* End PBXGroup section */

/* Begin PBXNativeTarget section */
		4A42E0EF2C1B6EE90008E1BB /* Passbook */ = {
			isa = PBXNativeTarget;
			buildConfigurationList = 4A42E1142C1B6EEB0008E1BB /* Build configuration list for PBXNativeTarget "Passbook" */;
			buildPhases = (
				4A42E0EC2C1B6EE90008E1BB /* Sources */,
				4A42E0ED2C1B6EE90008E1BB /* Frameworks */,
				4A42E0EE2C1B6EE90008E1BB /* Resources */,
			);
			buildRules = (
			);
			dependencies = (
			);
			name = Passbook;
			productName = Passbook;
			productReference = 4A42E0F02C1B6EE90008E1BB /* Passbook.app */;
			productType = "com.apple.product-type.application";
		};
		4A42E0FF2C1B6EEB0008E1BB /* PassbookTests */ = {
			isa = PBXNativeTarget;
			buildConfigurationList = 4A42E1172C1B6EEB0008E1BB /* Build configuration list for PBXNativeTarget "PassbookTests" */;
			buildPhases = (
				4A42E0FC2C1B6EEB0008E1BB /* Sources */,
				4A42E0FD2C1B6EEB0008E1BB /* Frameworks */,
				4A42E0FE2C1B6EEB0008E1BB /* Resources */,
			);
			buildRules = (
			);
			dependencies = (
				4A42E1022C1B6EEB0008E1BB /* PBXTargetDependency */,
			);
			name = PassbookTests;
			productName = PassbookTests;
			productReference = 4A42E1002C1B6EEB0008E1BB /* PassbookTests.xctest */;
			productType = "com.apple.product-type.bundle.unit-test";
		};
		4A42E1092C1B6EEB0008E1BB /* PassbookUITests */ = {
			isa = PBXNativeTarget;
			buildConfigurationList = 4A42E11A2C1B6EEB0008E1BB /* Build configuration list for PBXNativeTarget "PassbookUITests" */;
			buildPhases = (
				4A42E1062C1B6EEB0008E1BB /* Sources */,
				4A42E1072C1B6EEB0008E1BB /* Frameworks */,
				4A42E1082C1B6EEB0008E1BB /* Resources */,
			);
			buildRules = (
			);
			dependencies = (
				4A42E10C2C1B6EEB0008E1BB /* PBXTargetDependency */,
			);
			name = PassbookUITests;
			productName = PassbookUITests;
			productReference = 4A42E10A2C1B6EEB0008E1BB /* PassbookUITests.xctest */;
			productType = "com.apple.product-type.bundle.ui-testing";
		};
/* End PBXNativeTarget section */

/* Begin PBXProject section */
		4A42E0E82C1B6EE90008E1BB /* Project object */ = {
			isa = PBXProject;
			attributes = {
				BuildIndependentTargetsInParallel = 1;
				LastSwiftUpdateCheck = 1540;
				LastUpgradeCheck = 1540;
				TargetAttributes = {
					4A42E0EF2C1B6EE90008E1BB = {
						CreatedOnToolsVersion = 15.4;
					};
					4A42E0FF2C1B6EEB0008E1BB = {
						CreatedOnToolsVersion = 15.4;
						TestTargetID = 4A42E0EF2C1B6EE90008E1BB;
					};
					4A42E1092C1B6EEB0008E1BB = {
						CreatedOnToolsVersion = 15.4;
						TestTargetID = 4A42E0EF2C1B6EE90008E1BB;
					};
				};
			};
			buildConfigurationList = 4A42E0EB2C1B6EE90008E1BB /* Build configuration list for PBXProject "Passbook" */;
			compatibilityVersion = "Xcode 14.0";
			developmentRegion = en;
			hasScannedForEncodings = 0;
			knownRegions = (
				en,
				Base,
			);
			mainGroup = 4A42E0E72C1B6EE90008E1BB;
			productRefGroup = 4A42E0F12C1B6EE90008E1BB /* Products */;
			projectDirPath = "";
			projectRoot = "";
			targets = (
				4A42E0EF2C1B6EE90008E1BB /* Passbook */,
				4A42E0FF2C1B6EEB0008E1BB /* PassbookTests */,
				4A42E1092C1B6EEB0008E1BB /* PassbookUITests */,
			);
		};
/* End PBXProject section */

/* Begin PBXResourcesBuildPhase section */
		4A42E0EE2C1B6EE90008E1BB /* Resources */ = {
			isa = PBXResourcesBuildPhase;
			buildActionMask = 2147483647;
			files = (
				4A42E0FB2C1B6EEB0008E1BB /* Preview Assets.xcassets in Resources */,
				4A42E0F82C1B6EEB0008E1BB /* Assets.xcassets in Resources */,
			);
			runOnlyForDeploymentPostprocessing = 0;
		};
		4A42E0FE2C1B6EEB0008E1BB /* Resources */ = {
			isa = PBXResourcesBuildPhase;
			buildActionMask = 2147483647;
			files = (
			);
			runOnlyForDeploymentPostprocessing = 0;
		};
		4A42E1082C1B6EEB0008E1BB /* Resources */ = {
			isa = PBXResourcesBuildPhase;
			buildActionMask = 2147483647;
			files = (
			);
			runOnlyForDeploymentPostprocessing = 0;
		};
/* End PBXResourcesBuildPhase section */

/* Begin PBXSourcesBuildPhase section */
		4A42E0EC2C1B6EE90008E1BB /* Sources */ = {
			isa = PBXSourcesBuildPhase;
			buildActionMask = 2147483647;
			files = (
				4A42E0F62C1B6EE90008E1BB /* ContentView.swift in Sources */,
				4AA238FB2C209BA20000F88D /* AddPassView.swift in Sources */,
				4AA238E72C1B906C0000F88D /* Pass.swift in Sources */,
				4AA238FF2C209BF30000F88D /* PassView.swift in Sources */,
				4AA239012C20AAE60000F88D /* PassCollectionView.swift in Sources */,
				4AA239082C2389570000F88D /* PassCollectionViewModel.swift in Sources */,
				4AA238F22C1FF1FB0000F88D /* LoginView.swift in Sources */,
				4AA238FD2C209BB40000F88D /* SharePassView.swift in Sources */,
				4AA238F92C209B8E0000F88D /* HomeView.swift in Sources */,
				4A42E0F42C1B6EE90008E1BB /* PassbookApp.swift in Sources */,
			);
			runOnlyForDeploymentPostprocessing = 0;
		};
		4A42E0FC2C1B6EEB0008E1BB /* Sources */ = {
			isa = PBXSourcesBuildPhase;
			buildActionMask = 2147483647;
			files = (
				4A42E1052C1B6EEB0008E1BB /* PassbookTests.swift in Sources */,
			);
			runOnlyForDeploymentPostprocessing = 0;
		};
		4A42E1062C1B6EEB0008E1BB /* Sources */ = {
			isa = PBXSourcesBuildPhase;
			buildActionMask = 2147483647;
			files = (
				4A42E1112C1B6EEB0008E1BB /* PassbookUITestsLaunchTests.swift in Sources */,
				4A42E10F2C1B6EEB0008E1BB /* PassbookUITests.swift in Sources */,
			);
			runOnlyForDeploymentPostprocessing = 0;
		};
/* End PBXSourcesBuildPhase section */

/* Begin PBXTargetDependency section */
		4A42E1022C1B6EEB0008E1BB /* PBXTargetDependency */ = {
			isa = PBXTargetDependency;
			target = 4A42E0EF2C1B6EE90008E1BB /* Passbook */;
			targetProxy = 4A42E1012C1B6EEB0008E1BB /* PBXContainerItemProxy */;
		};
		4A42E10C2C1B6EEB0008E1BB /* PBXTargetDependency */ = {
			isa = PBXTargetDependency;
			target = 4A42E0EF2C1B6EE90008E1BB /* Passbook */;
			targetProxy = 4A42E10B2C1B6EEB0008E1BB /* PBXContainerItemProxy */;
		};
/* End PBXTargetDependency section */

/* Begin XCBuildConfiguration section */
		4A42E1122C1B6EEB0008E1BB /* Debug */ = {
			isa = XCBuildConfiguration;
			buildSettings = {
				ALWAYS_SEARCH_USER_PATHS = NO;
				ASSETCATALOG_COMPILER_GENERATE_SWIFT_ASSET_SYMBOL_EXTENSIONS = YES;
				CLANG_ANALYZER_NONNULL = YES;
				CLANG_ANALYZER_NUMBER_OBJECT_CONVERSION = YES_AGGRESSIVE;
				CLANG_CXX_LANGUAGE_STANDARD = "gnu++20";
				CLANG_ENABLE_MODULES = YES;
				CLANG_ENABLE_OBJC_ARC = YES;
				CLANG_ENABLE_OBJC_WEAK = YES;
				CLANG_WARN_BLOCK_CAPTURE_AUTORELEASING = YES;
				CLANG_WARN_BOOL_CONVERSION = YES;
				CLANG_WARN_COMMA = YES;
				CLANG_WARN_CONSTANT_CONVERSION = YES;
				CLANG_WARN_DEPRECATED_OBJC_IMPLEMENTATIONS = YES;
				CLANG_WARN_DIRECT_OBJC_ISA_USAGE = YES_ERROR;
				CLANG_WARN_DOCUMENTATION_COMMENTS = YES;
				CLANG_WARN_EMPTY_BODY = YES;
				CLANG_WARN_ENUM_CONVERSION = YES;
				CLANG_WARN_INFINITE_RECURSION = YES;
				CLANG_WARN_INT_CONVERSION = YES;
				CLANG_WARN_NON_LITERAL_NULL_CONVERSION = YES;
				CLANG_WARN_OBJC_IMPLICIT_RETAIN_SELF = YES;
				CLANG_WARN_OBJC_LITERAL_CONVERSION = YES;
				CLANG_WARN_OBJC_ROOT_CLASS = YES_ERROR;
				CLANG_WARN_QUOTED_INCLUDE_IN_FRAMEWORK_HEADER = YES;
				CLANG_WARN_RANGE_LOOP_ANALYSIS = YES;
				CLANG_WARN_STRICT_PROTOTYPES = YES;
				CLANG_WARN_SUSPICIOUS_MOVE = YES;
				CLANG_WARN_UNGUARDED_AVAILABILITY = YES_AGGRESSIVE;
				CLANG_WARN_UNREACHABLE_CODE = YES;
				CLANG_WARN__DUPLICATE_METHOD_MATCH = YES;
				COPY_PHASE_STRIP = NO;
				DEBUG_INFORMATION_FORMAT = dwarf;
				ENABLE_STRICT_OBJC_MSGSEND = YES;
				ENABLE_TESTABILITY = YES;
				ENABLE_USER_SCRIPT_SANDBOXING = YES;
				GCC_C_LANGUAGE_STANDARD = gnu17;
				GCC_DYNAMIC_NO_PIC = NO;
				GCC_NO_COMMON_BLOCKS = YES;
				GCC_OPTIMIZATION_LEVEL = 0;
				GCC_PREPROCESSOR_DEFINITIONS = (
					"DEBUG=1",
					"$(inherited)",
				);
				GCC_WARN_64_TO_32_BIT_CONVERSION = YES;
				GCC_WARN_ABOUT_RETURN_TYPE = YES_ERROR;
				GCC_WARN_UNDECLARED_SELECTOR = YES;
				GCC_WARN_UNINITIALIZED_AUTOS = YES_AGGRESSIVE;
				GCC_WARN_UNUSED_FUNCTION = YES;
				GCC_WARN_UNUSED_VARIABLE = YES;
				IPHONEOS_DEPLOYMENT_TARGET = 17.5;
				LOCALIZATION_PREFERS_STRING_CATALOGS = YES;
				MTL_ENABLE_DEBUG_INFO = INCLUDE_SOURCE;
				MTL_FAST_MATH = YES;
				ONLY_ACTIVE_ARCH = YES;
				SDKROOT = iphoneos;
				SWIFT_ACTIVE_COMPILATION_CONDITIONS = "DEBUG $(inherited)";
				SWIFT_OPTIMIZATION_LEVEL = "-Onone";
			};
			name = Debug;
		};
		4A42E1132C1B6EEB0008E1BB /* Release */ = {
			isa = XCBuildConfiguration;
			buildSettings = {
				ALWAYS_SEARCH_USER_PATHS = NO;
				ASSETCATALOG_COMPILER_GENERATE_SWIFT_ASSET_SYMBOL_EXTENSIONS = YES;
				CLANG_ANALYZER_NONNULL = YES;
				CLANG_ANALYZER_NUMBER_OBJECT_CONVERSION = YES_AGGRESSIVE;
				CLANG_CXX_LANGUAGE_STANDARD = "gnu++20";
				CLANG_ENABLE_MODULES = YES;
				CLANG_ENABLE_OBJC_ARC = YES;
				CLANG_ENABLE_OBJC_WEAK = YES;
				CLANG_WARN_BLOCK_CAPTURE_AUTORELEASING = YES;
				CLANG_WARN_BOOL_CONVERSION = YES;
				CLANG_WARN_COMMA = YES;
				CLANG_WARN_CONSTANT_CONVERSION = YES;
				CLANG_WARN_DEPRECATED_OBJC_IMPLEMENTATIONS = YES;
				CLANG_WARN_DIRECT_OBJC_ISA_USAGE = YES_ERROR;
				CLANG_WARN_DOCUMENTATION_COMMENTS = YES;
				CLANG_WARN_EMPTY_BODY = YES;
				CLANG_WARN_ENUM_CONVERSION = YES;
				CLANG_WARN_INFINITE_RECURSION = YES;
				CLANG_WARN_INT_CONVERSION = YES;
				CLANG_WARN_NON_LITERAL_NULL_CONVERSION = YES;
				CLANG_WARN_OBJC_IMPLICIT_RETAIN_SELF = YES;
				CLANG_WARN_OBJC_LITERAL_CONVERSION = YES;
				CLANG_WARN_OBJC_ROOT_CLASS = YES_ERROR;
				CLANG_WARN_QUOTED_INCLUDE_IN_FRAMEWORK_HEADER = YES;
				CLANG_WARN_RANGE_LOOP_ANALYSIS = YES;
				CLANG_WARN_STRICT_PROTOTYPES = YES;
				CLANG_WARN_SUSPICIOUS_MOVE = YES;
				CLANG_WARN_UNGUARDED_AVAILABILITY = YES_AGGRESSIVE;
				CLANG_WARN_UNREACHABLE_CODE = YES;
				CLANG_WARN__DUPLICATE_METHOD_MATCH = YES;
				COPY_PHASE_STRIP = NO;
				DEBUG_INFORMATION_FORMAT = "dwarf-with-dsym";
				ENABLE_NS_ASSERTIONS = NO;
				ENABLE_STRICT_OBJC_MSGSEND = YES;
				ENABLE_USER_SCRIPT_SANDBOXING = YES;
				GCC_C_LANGUAGE_STANDARD = gnu17;
				GCC_NO_COMMON_BLOCKS = YES;
				GCC_WARN_64_TO_32_BIT_CONVERSION = YES;
				GCC_WARN_ABOUT_RETURN_TYPE = YES_ERROR;
				GCC_WARN_UNDECLARED_SELECTOR = YES;
				GCC_WARN_UNINITIALIZED_AUTOS = YES_AGGRESSIVE;
				GCC_WARN_UNUSED_FUNCTION = YES;
				GCC_WARN_UNUSED_VARIABLE = YES;
				IPHONEOS_DEPLOYMENT_TARGET = 17.5;
				LOCALIZATION_PREFERS_STRING_CATALOGS = YES;
				MTL_ENABLE_DEBUG_INFO = NO;
				MTL_FAST_MATH = YES;
				SDKROOT = iphoneos;
				SWIFT_COMPILATION_MODE = wholemodule;
				VALIDATE_PRODUCT = YES;
			};
			name = Release;
		};
		4A42E1152C1B6EEB0008E1BB /* Debug */ = {
			isa = XCBuildConfiguration;
			buildSettings = {
				ASSETCATALOG_COMPILER_APPICON_NAME = AppIcon;
				ASSETCATALOG_COMPILER_GLOBAL_ACCENT_COLOR_NAME = AccentColor;
				CODE_SIGN_STYLE = Automatic;
				CURRENT_PROJECT_VERSION = 1;
				DEVELOPMENT_ASSET_PATHS = "\"Passbook/Preview Content\"";
				DEVELOPMENT_TEAM = RPW738HHCT;
				ENABLE_PREVIEWS = YES;
				GENERATE_INFOPLIST_FILE = YES;
				INFOPLIST_KEY_UIApplicationSceneManifest_Generation = YES;
				INFOPLIST_KEY_UIApplicationSupportsIndirectInputEvents = YES;
				INFOPLIST_KEY_UILaunchScreen_Generation = YES;
				INFOPLIST_KEY_UISupportedInterfaceOrientations_iPad = "UIInterfaceOrientationPortrait UIInterfaceOrientationPortraitUpsideDown UIInterfaceOrientationLandscapeLeft UIInterfaceOrientationLandscapeRight";
				INFOPLIST_KEY_UISupportedInterfaceOrientations_iPhone = "UIInterfaceOrientationPortrait UIInterfaceOrientationLandscapeLeft UIInterfaceOrientationLandscapeRight";
				LD_RUNPATH_SEARCH_PATHS = (
					"$(inherited)",
					"@executable_path/Frameworks",
				);
				MARKETING_VERSION = 1.0;
				PRODUCT_BUNDLE_IDENTIFIER = com.maxime.Passbook;
				PRODUCT_NAME = "$(TARGET_NAME)";
				SWIFT_EMIT_LOC_STRINGS = YES;
				SWIFT_VERSION = 5.0;
				TARGETED_DEVICE_FAMILY = "1,2";
			};
			name = Debug;
		};
		4A42E1162C1B6EEB0008E1BB /* Release */ = {
			isa = XCBuildConfiguration;
			buildSettings = {
				ASSETCATALOG_COMPILER_APPICON_NAME = AppIcon;
				ASSETCATALOG_COMPILER_GLOBAL_ACCENT_COLOR_NAME = AccentColor;
				CODE_SIGN_STYLE = Automatic;
				CURRENT_PROJECT_VERSION = 1;
				DEVELOPMENT_ASSET_PATHS = "\"Passbook/Preview Content\"";
				DEVELOPMENT_TEAM = RPW738HHCT;
				ENABLE_PREVIEWS = YES;
				GENERATE_INFOPLIST_FILE = YES;
				INFOPLIST_KEY_UIApplicationSceneManifest_Generation = YES;
				INFOPLIST_KEY_UIApplicationSupportsIndirectInputEvents = YES;
				INFOPLIST_KEY_UILaunchScreen_Generation = YES;
				INFOPLIST_KEY_UISupportedInterfaceOrientations_iPad = "UIInterfaceOrientationPortrait UIInterfaceOrientationPortraitUpsideDown UIInterfaceOrientationLandscapeLeft UIInterfaceOrientationLandscapeRight";
				INFOPLIST_KEY_UISupportedInterfaceOrientations_iPhone = "UIInterfaceOrientationPortrait UIInterfaceOrientationLandscapeLeft UIInterfaceOrientationLandscapeRight";
				LD_RUNPATH_SEARCH_PATHS = (
					"$(inherited)",
					"@executable_path/Frameworks",
				);
				MARKETING_VERSION = 1.0;
				PRODUCT_BUNDLE_IDENTIFIER = com.maxime.Passbook;
				PRODUCT_NAME = "$(TARGET_NAME)";
				SWIFT_EMIT_LOC_STRINGS = YES;
				SWIFT_VERSION = 5.0;
				TARGETED_DEVICE_FAMILY = "1,2";
			};
			name = Release;
		};
		4A42E1182C1B6EEB0008E1BB /* Debug */ = {
			isa = XCBuildConfiguration;
			buildSettings = {
				ALWAYS_EMBED_SWIFT_STANDARD_LIBRARIES = YES;
				BUNDLE_LOADER = "$(TEST_HOST)";
				CODE_SIGN_STYLE = Automatic;
				CURRENT_PROJECT_VERSION = 1;
				DEVELOPMENT_TEAM = RPW738HHCT;
				GENERATE_INFOPLIST_FILE = YES;
				IPHONEOS_DEPLOYMENT_TARGET = 17.5;
				MARKETING_VERSION = 1.0;
				PRODUCT_BUNDLE_IDENTIFIER = com.maxime.PassbookTests;
				PRODUCT_NAME = "$(TARGET_NAME)";
				SWIFT_EMIT_LOC_STRINGS = NO;
				SWIFT_VERSION = 5.0;
				TARGETED_DEVICE_FAMILY = "1,2";
				TEST_HOST = "$(BUILT_PRODUCTS_DIR)/Passbook.app/$(BUNDLE_EXECUTABLE_FOLDER_PATH)/Passbook";
			};
			name = Debug;
		};
		4A42E1192C1B6EEB0008E1BB /* Release */ = {
			isa = XCBuildConfiguration;
			buildSettings = {
				ALWAYS_EMBED_SWIFT_STANDARD_LIBRARIES = YES;
				BUNDLE_LOADER = "$(TEST_HOST)";
				CODE_SIGN_STYLE = Automatic;
				CURRENT_PROJECT_VERSION = 1;
				DEVELOPMENT_TEAM = RPW738HHCT;
				GENERATE_INFOPLIST_FILE = YES;
				IPHONEOS_DEPLOYMENT_TARGET = 17.5;
				MARKETING_VERSION = 1.0;
				PRODUCT_BUNDLE_IDENTIFIER = com.maxime.PassbookTests;
				PRODUCT_NAME = "$(TARGET_NAME)";
				SWIFT_EMIT_LOC_STRINGS = NO;
				SWIFT_VERSION = 5.0;
				TARGETED_DEVICE_FAMILY = "1,2";
				TEST_HOST = "$(BUILT_PRODUCTS_DIR)/Passbook.app/$(BUNDLE_EXECUTABLE_FOLDER_PATH)/Passbook";
			};
			name = Release;
		};
		4A42E11B2C1B6EEB0008E1BB /* Debug */ = {
			isa = XCBuildConfiguration;
			buildSettings = {
				ALWAYS_EMBED_SWIFT_STANDARD_LIBRARIES = YES;
				CODE_SIGN_STYLE = Automatic;
				CURRENT_PROJECT_VERSION = 1;
				DEVELOPMENT_TEAM = RPW738HHCT;
				GENERATE_INFOPLIST_FILE = YES;
				MARKETING_VERSION = 1.0;
				PRODUCT_BUNDLE_IDENTIFIER = com.maxime.PassbookUITests;
				PRODUCT_NAME = "$(TARGET_NAME)";
				SWIFT_EMIT_LOC_STRINGS = NO;
				SWIFT_VERSION = 5.0;
				TARGETED_DEVICE_FAMILY = "1,2";
				TEST_TARGET_NAME = Passbook;
			};
			name = Debug;
		};
		4A42E11C2C1B6EEB0008E1BB /* Release */ = {
			isa = XCBuildConfiguration;
			buildSettings = {
				ALWAYS_EMBED_SWIFT_STANDARD_LIBRARIES = YES;
				CODE_SIGN_STYLE = Automatic;
				CURRENT_PROJECT_VERSION = 1;
				DEVELOPMENT_TEAM = RPW738HHCT;
				GENERATE_INFOPLIST_FILE = YES;
				MARKETING_VERSION = 1.0;
				PRODUCT_BUNDLE_IDENTIFIER = com.maxime.PassbookUITests;
				PRODUCT_NAME = "$(TARGET_NAME)";
				SWIFT_EMIT_LOC_STRINGS = NO;
				SWIFT_VERSION = 5.0;
				TARGETED_DEVICE_FAMILY = "1,2";
				TEST_TARGET_NAME = Passbook;
			};
			name = Release;
		};
/* End XCBuildConfiguration section */

/* Begin XCConfigurationList section */
		4A42E0EB2C1B6EE90008E1BB /* Build configuration list for PBXProject "Passbook" */ = {
			isa = XCConfigurationList;
			buildConfigurations = (
				4A42E1122C1B6EEB0008E1BB /* Debug */,
				4A42E1132C1B6EEB0008E1BB /* Release */,
			);
			defaultConfigurationIsVisible = 0;
			defaultConfigurationName = Release;
		};
		4A42E1142C1B6EEB0008E1BB /* Build configuration list for PBXNativeTarget "Passbook" */ = {
			isa = XCConfigurationList;
			buildConfigurations = (
				4A42E1152C1B6EEB0008E1BB /* Debug */,
				4A42E1162C1B6EEB0008E1BB /* Release */,
			);
			defaultConfigurationIsVisible = 0;
			defaultConfigurationName = Release;
		};
		4A42E1172C1B6EEB0008E1BB /* Build configuration list for PBXNativeTarget "PassbookTests" */ = {
			isa = XCConfigurationList;
			buildConfigurations = (
				4A42E1182C1B6EEB0008E1BB /* Debug */,
				4A42E1192C1B6EEB0008E1BB /* Release */,
			);
			defaultConfigurationIsVisible = 0;
			defaultConfigurationName = Release;
		};
		4A42E11A2C1B6EEB0008E1BB /* Build configuration list for PBXNativeTarget "PassbookUITests" */ = {
			isa = XCConfigurationList;
			buildConfigurations = (
				4A42E11B2C1B6EEB0008E1BB /* Debug */,
				4A42E11C2C1B6EEB0008E1BB /* Release */,
			);
			defaultConfigurationIsVisible = 0;
			defaultConfigurationName = Release;
		};
/* End XCConfigurationList section */
	};
	rootObject = 4A42E0E82C1B6EE90008E1BB /* Project object */;
}
